{
  "name": "15--publishing-a-package",
  "version": "1.0.0",
  "lockfileVersion": 3,
  "requires": true,
  "packages": {
    "": {
      "name": "15--publishing-a-package",
      "version": "1.0.0",
      "license": "ISC",
      "devDependencies": {
        "lion-lib2025": "^1.0.0"
      }
    },
    "node_modules/lion-lib2025": {
      "version": "1.0.0",
      "resolved": "https://registry.npmjs.org/lion-lib2025/-/lion-lib2025-1.0.0.tgz",
      "integrity": "sha512-qPqaTAbNUYGHCceMALhn5BTjMxfY5EsCzavEPGmPM7R/zTd4/MirMh19pFMAZ6MlcUasQi12aUXNnHFMUtI8Kw==",
      "dev": true,
      "license": "ISC"
    }
  }
}
